
Microsoft Visual Studio Solution File, Format Version 12.00
# Visual Studio Version 16
VisualStudioVersion = 16.0.30002.166
MinimumVisualStudioVersion = 10.0.40219.1
Project("{2150E333-8FDC-42A3-9474-1A3956D46DE8}") = "FacadeSample", "FacadeSample", "{F048E498-BE59-4687-9394-1418F248834A}"
EndProject
Project("{9A19103F-16F7-4668-BE54-9A1E7A4F7556}") = "Facade", "Facade\Facade.csproj", "{9AD57952-4655-4259-B060-A32E03D6EC0D}"
EndProject
Project("{2150E333-8FDC-42A3-9474-1A3956D46DE8}") = "AdapterSample", "AdapterSample", "{A13CB046-9860-4D87-B30B-768215E5567F}"
EndProject
Project("{FAE04EC0-301F-11D3-BF4B-00C04F79EFBC}") = "AdapterSample", "Adapter\AdapterSample.csproj", "{3B022780-C3EE-4209-998E-6CF99ECBC6B9}"
EndProject
Project("{2150E333-8FDC-42A3-9474-1A3956D46DE8}") = "SingletonSample", "SingletonSample", "{9B557937-9A9B-4A51-BCDB-2EC912CBA6B1}"
EndProject
Project("{FAE04EC0-301F-11D3-BF4B-00C04F79EFBC}") = "Singleton", "Singleton\Singleton.csproj", "{831D9A64-33E9-4E7B-92A6-6EE577B8FF8D}"
EndProject
Project("{2150E333-8FDC-42A3-9474-1A3956D46DE8}") = "FactorySample", "FactorySample", "{3B406960-94A8-4B43-94FD-8C07A4FB92E3}"
	ProjectSection(SolutionItems) = preProject
		README.md = README.md
	EndProjectSection
EndProject
Project("{FAE04EC0-301F-11D3-BF4B-00C04F79EFBC}") = "FactoryMethod", "FactoryMethod\FactoryMethod.csproj", "{894E0D5E-908E-497E-92DF-F75DCA901185}"
EndProject
Global
	GlobalSection(SolutionConfigurationPlatforms) = preSolution
		Debug|Any CPU = Debug|Any CPU
		Release|Any CPU = Release|Any CPU
	EndGlobalSection
	GlobalSection(ProjectConfigurationPlatforms) = postSolution
		{9AD57952-4655-4259-B060-A32E03D6EC0D}.Debug|Any CPU.ActiveCfg = Debug|Any CPU
		{9AD57952-4655-4259-B060-A32E03D6EC0D}.Debug|Any CPU.Build.0 = Debug|Any CPU
		{9AD57952-4655-4259-B060-A32E03D6EC0D}.Release|Any CPU.ActiveCfg = Release|Any CPU
		{9AD57952-4655-4259-B060-A32E03D6EC0D}.Release|Any CPU.Build.0 = Release|Any CPU
		{3B022780-C3EE-4209-998E-6CF99ECBC6B9}.Debug|Any CPU.ActiveCfg = Debug|Any CPU
		{3B022780-C3EE-4209-998E-6CF99ECBC6B9}.Debug|Any CPU.Build.0 = Debug|Any CPU
		{3B022780-C3EE-4209-998E-6CF99ECBC6B9}.Release|Any CPU.ActiveCfg = Release|Any CPU
		{3B022780-C3EE-4209-998E-6CF99ECBC6B9}.Release|Any CPU.Build.0 = Release|Any CPU
		{831D9A64-33E9-4E7B-92A6-6EE577B8FF8D}.Debug|Any CPU.ActiveCfg = Debug|Any CPU
		{831D9A64-33E9-4E7B-92A6-6EE577B8FF8D}.Debug|Any CPU.Build.0 = Debug|Any CPU
		{831D9A64-33E9-4E7B-92A6-6EE577B8FF8D}.Release|Any CPU.ActiveCfg = Release|Any CPU
		{831D9A64-33E9-4E7B-92A6-6EE577B8FF8D}.Release|Any CPU.Build.0 = Release|Any CPU
		{894E0D5E-908E-497E-92DF-F75DCA901185}.Debug|Any CPU.ActiveCfg = Debug|Any CPU
		{894E0D5E-908E-497E-92DF-F75DCA901185}.Debug|Any CPU.Build.0 = Debug|Any CPU
		{894E0D5E-908E-497E-92DF-F75DCA901185}.Release|Any CPU.ActiveCfg = Release|Any CPU
		{894E0D5E-908E-497E-92DF-F75DCA901185}.Release|Any CPU.Build.0 = Release|Any CPU
	EndGlobalSection
	GlobalSection(SolutionProperties) = preSolution
		HideSolutionNode = FALSE
	EndGlobalSection
	GlobalSection(NestedProjects) = preSolution
		{9AD57952-4655-4259-B060-A32E03D6EC0D} = {F048E498-BE59-4687-9394-1418F248834A}
		{3B022780-C3EE-4209-998E-6CF99ECBC6B9} = {A13CB046-9860-4D87-B30B-768215E5567F}
		{831D9A64-33E9-4E7B-92A6-6EE577B8FF8D} = {9B557937-9A9B-4A51-BCDB-2EC912CBA6B1}
		{894E0D5E-908E-497E-92DF-F75DCA901185} = {3B406960-94A8-4B43-94FD-8C07A4FB92E3}
	EndGlobalSection
	GlobalSection(ExtensibilityGlobals) = postSolution
		SolutionGuid = {8DDF0BF4-6337-467C-A73F-833097FFD950}
	EndGlobalSection
EndGlobal
